schema: '2.0'
stages:
  data_loader:
    cmd: python main.py text_preprocessing
    deps:
    - path: configs/config.yaml
      hash: md5
      md5: 24e4de3b92251f03836b93a25ba02d17
      size: 107
    - path: data/raw/IMDB Dataset.csv
      hash: md5
      md5: 308443a50e5c993e7b8a1cdb95750026
      size: 66212309
    - path: main.py
      hash: md5
      md5: ce28f1ef35826c9b3b5636d8122cd1d2
      size: 1697
    - path: src/data/text_preprocessing.py
      hash: md5
      md5: b4b41423eefbe7f537c8a84e60345c6b
      size: 4969
    - path: src/utils/data_loader.py
      hash: md5
      md5: 74534c00228ba4edd43712e90f46a013
      size: 1210
    - path: src/utils/logging_setup.py
      hash: md5
      md5: 120a91d7e97abebb509fd5ea6e2d114b
      size: 2161
    params:
      params.yaml:
        data.target_column: sentiment
        data.text_column: review
        experiment.name: exp_1
    outs:
    - path: data/processed/cleaned_data.csv
      hash: md5
      md5: 0b0ffb3416bfc2afdb7f8bf0835812b9
      size: 63091177
  text_preprocessing:
    cmd: python main.py --stage text_preprocessing
    deps:
    - path: configs/config.yaml
      hash: md5
      md5: 7aa2e91a79fefdb4f2ceffa1efe8af3c
      size: 214
    - path: data/raw/IMDB Dataset.csv
      hash: md5
      md5: 308443a50e5c993e7b8a1cdb95750026
      size: 66212309
    - path: main.py
      hash: md5
      md5: 6085575838e353fbe872856e55fc4395
      size: 2302
    - path: src/data/text_preprocessing.py
      hash: md5
      md5: b4b41423eefbe7f537c8a84e60345c6b
      size: 4969
    - path: src/utils/data_loader.py
      hash: md5
      md5: 74534c00228ba4edd43712e90f46a013
      size: 1210
    - path: src/utils/logging_setup.py
      hash: md5
      md5: 120a91d7e97abebb509fd5ea6e2d114b
      size: 2161
    params:
      params.yaml:
        data.text_column: review
        experiment.name: exp_1
    outs:
    - path: data/processed/cleaned_data.csv
      hash: md5
      md5: 0b0ffb3416bfc2afdb7f8bf0835812b9
      size: 63091177
  train_val_test_split:
    cmd: python main.py --stage train_val_test_split
    deps:
    - path: configs/config.yaml
      hash: md5
      md5: 7aa2e91a79fefdb4f2ceffa1efe8af3c
      size: 214
    - path: data/processed/cleaned_data.csv
      hash: md5
      md5: 0b0ffb3416bfc2afdb7f8bf0835812b9
      size: 63091177
    - path: main.py
      hash: md5
      md5: 6085575838e353fbe872856e55fc4395
      size: 2302
    - path: src/data/train_val_test_split.py
      hash: md5
      md5: c215ee490532b6c8440df3183e59135d
      size: 4598
    - path: src/utils/data_loader.py
      hash: md5
      md5: 74534c00228ba4edd43712e90f46a013
      size: 1210
    - path: src/utils/logging_setup.py
      hash: md5
      md5: 120a91d7e97abebb509fd5ea6e2d114b
      size: 2161
    params:
      params.yaml:
        data.target_column: sentiment
        data.text_column: review
        split.random_state: 42
        split.stratify: true
        split.test_size: 0.2
        split.val_size: 0.25
    outs:
    - path: data/split/test.csv
      hash: md5
      md5: b4e1a1de52f2a5979ee190959bd02ae9
      size: 12571995
    - path: data/split/train.csv
      hash: md5
      md5: 14adad81ba521428de8fc06bcacd5b54
      size: 34779222
    - path: data/split/valid.csv
      hash: md5
      md5: a66a33338543a97bc690f79fa98e61e2
      size: 15739996
