schema: '2.0'
stages:
  data_loader:
    cmd: python main.py +stage=data_loader
    deps:
    - path: data/raw/IMDB Dataset.csv
      hash: md5
      md5: 308443a50e5c993e7b8a1cdb95750026
      size: 66212309
    - path: main.py
      hash: md5
      md5: 5bfb888c03196cab85612969d02090e3
      size: 1236
    - path: params.yaml
      hash: md5
      md5: 7928e0a7f5f7edf92b732bd143844f28
      size: 109
    - path: src/data/data_loader.py
      hash: md5
      md5: 89f90250df99e05f7f8f203a3d942b58
      size: 2321
    params:
      params.yaml:
        data.raw.raw_path: data/raw/IMDB Dataset.csv
  data_cleaning:
    cmd: python main.py +stage=data_cleaning
    deps:
    - path: main.py
      hash: md5
      md5: 5bfb888c03196cab85612969d02090e3
      size: 1236
    - path: params.yaml
      hash: md5
      md5: 7928e0a7f5f7edf92b732bd143844f28
      size: 109
    - path: src/data/data_cleaning.py
      hash: md5
      md5: 21efb5b8ee90a7cf9f3b9cd347e79117
      size: 3153
    - path: src/data/data_loader.py
      hash: md5
      md5: 89f90250df99e05f7f8f203a3d942b58
      size: 2321
    params:
      params.yaml:
        data.save_data.dest_path: data/processed
